
Microsoft Visual Studio Solution File, Format Version 12.00
Project("{FAE04EC0-301F-11D3-BF4B-00C04F79EFBC}") = "Server", "Server\Server.csproj", "{56BFFE79-D9B4-4030-8C46-1EFCB6E21D92}"
EndProject
Project("{FAE04EC0-301F-11D3-BF4B-00C04F79EFBC}") = "Implant", "Implant\Implant.csproj", "{9335B30F-3E49-47C8-8A90-F1E5F7DA837C}"
EndProject
Global
	GlobalSection(SolutionConfigurationPlatforms) = preSolution
		Debug|Any CPU = Debug|Any CPU
		Release|Any CPU = Release|Any CPU
	EndGlobalSection
	GlobalSection(ProjectConfigurationPlatforms) = postSolution
		{56BFFE79-D9B4-4030-8C46-1EFCB6E21D92}.Debug|Any CPU.ActiveCfg = Debug|Any CPU
		{56BFFE79-D9B4-4030-8C46-1EFCB6E21D92}.Debug|Any CPU.Build.0 = Debug|Any CPU
		{56BFFE79-D9B4-4030-8C46-1EFCB6E21D92}.Release|Any CPU.ActiveCfg = Release|Any CPU
		{56BFFE79-D9B4-4030-8C46-1EFCB6E21D92}.Release|Any CPU.Build.0 = Release|Any CPU
		{9335B30F-3E49-47C8-8A90-F1E5F7DA837C}.Debug|Any CPU.ActiveCfg = Debug|Any CPU
		{9335B30F-3E49-47C8-8A90-F1E5F7DA837C}.Debug|Any CPU.Build.0 = Debug|Any CPU
		{9335B30F-3E49-47C8-8A90-F1E5F7DA837C}.Release|Any CPU.ActiveCfg = Release|Any CPU
		{9335B30F-3E49-47C8-8A90-F1E5F7DA837C}.Release|Any CPU.Build.0 = Release|Any CPU
	EndGlobalSection
EndGlobal
